set_global_assignment -name FAMILY "Agilex 5"
set_global_assignment -name DEVICE A5EB013BB23BE4SCS
set_global_assignment -name TOP_LEVEL_ENTITY de25_mister_top
set_global_assignment -name ORIGINAL_QUARTUS_VERSION "25.3 Pro Edition"
set_global_assignment -name PROJECT_OUTPUT_DIRECTORY output_files_inputtest
set_global_assignment -name NUM_PARALLEL_PROCESSORS ALL
set_global_assignment -name MIN_CORE_JUNCTION_TEMP 0
set_global_assignment -name MAX_CORE_JUNCTION_TEMP 100
set_global_assignment -name RESERVE_ALL_UNUSED_PINS "AS INPUT TRI-STATED"
set_global_assignment -name PROJECT_IP_REGENERATION_POLICY ALWAYS_REGENERATE_IP
set_global_assignment -name VERILOG_CU_MODE SFCU
set_global_assignment -name VERILOG_MACRO "DE25_HPS_BUS_49=1"
set_global_assignment -name VERILOG_MACRO "DE25_CORE_HAS_FB=1"
set_global_assignment -name VERILOG_MACRO "MISTER_FB=1"
set_global_assignment -name VERILOG_MACRO "DE25_AGILEX=1"

set_global_assignment -name SEARCH_PATH ../rtl
set_global_assignment -name SEARCH_PATH ../upstream/cores/InputTest
set_global_assignment -name SEARCH_PATH ../upstream/cores/InputTest/sys
set_global_assignment -name SEARCH_PATH ../upstream/cores/InputTest/rtl
set_global_assignment -name SYSTEMVERILOG_FILE ../rtl/de25_mister_menu_top.sv
set_global_assignment -name SYSTEMVERILOG_FILE ../rtl/de25_hps_warm_reset_handshake.sv
set_global_assignment -name SYSTEMVERILOG_FILE ../rtl/de25_mister_reset_control.sv
set_global_assignment -name SYSTEMVERILOG_FILE ../rtl/de25_mister_gp_bridge.sv
set_global_assignment -name SYSTEMVERILOG_FILE ../rtl/de25_mister_ddram.sv
set_global_assignment -name SYSTEMVERILOG_FILE ../rtl/de25_mister_audio.sv
set_global_assignment -name SYSTEMVERILOG_FILE ../rtl/inputtest_core_pll_wrapper.sv
set_global_assignment -name SYSTEMVERILOG_FILE ../rtl/mister_sync_fix.sv
set_global_assignment -name SYSTEMVERILOG_FILE ../../de25-nano/rtl/adv7513_init.sv
set_global_assignment -name SYSTEMVERILOG_FILE ../upstream/cores/InputTest/sys/hps_io.sv
set_global_assignment -name VERILOG_FILE ../upstream/cores/Menu/sys/osd.v
set_global_assignment -name VERILOG_FILE ../upstream/cores/InputTest/sys/arcade_video.v
set_global_assignment -name QIP_FILE ../upstream/cores/InputTest/rtl/tv80/TV80.qip
set_global_assignment -name QIP_FILE ../upstream/cores/InputTest/rtl/jt49/jt49.qip
set_global_assignment -name QIP_FILE ../upstream/cores/InputTest/rtl/jt5205/jt5205.qip
set_global_assignment -name VERILOG_FILE ../upstream/cores/InputTest/rtl/JTFRAME/jtframe_vtimer.v
set_global_assignment -name VERILOG_FILE ../upstream/cores/InputTest/rtl/JTFRAME/jtframe_resync.v
set_global_assignment -name VERILOG_FILE ../upstream/cores/InputTest/rtl/JTFRAME/jtframe_cen24.v
set_global_assignment -name VERILOG_FILE ../upstream/cores/InputTest/rtl/charmap.v
set_global_assignment -name VERILOG_FILE ../upstream/cores/InputTest/rtl/sprite_engine.v
set_global_assignment -name VERILOG_FILE ../upstream/cores/InputTest/rtl/tilemap.v
set_global_assignment -name VERILOG_FILE ../upstream/cores/InputTest/rtl/lfsr.v
set_global_assignment -name VERILOG_FILE ../upstream/cores/InputTest/rtl/starfield.v
set_global_assignment -name VERILOG_FILE ../upstream/cores/InputTest/rtl/music.v
set_global_assignment -name VERILOG_FILE ../upstream/cores/InputTest/rtl/sound.v
set_global_assignment -name VERILOG_FILE ../upstream/cores/InputTest/rtl/generic_timer.v
set_global_assignment -name VERILOG_FILE ../upstream/cores/InputTest/rtl/system.v
set_global_assignment -name VERILOG_FILE ../upstream/cores/InputTest/rtl/dpram.v
set_global_assignment -name VERILOG_FILE ../upstream/cores/InputTest/rtl/dpram_w1r2.v
set_global_assignment -name VERILOG_FILE ../upstream/cores/InputTest/rtl/spram.v
set_global_assignment -name SYSTEMVERILOG_FILE ../upstream/cores/InputTest/InputTest.sv
set_global_assignment -name SEARCH_PATH ../upstream/cores/InputTest/rtl
set_global_assignment -name MIF_FILE rom.mif
set_global_assignment -name MIF_FILE font.mif
set_global_assignment -name MIF_FILE sprite.mif
set_global_assignment -name MIF_FILE music.mif
set_global_assignment -name MIF_FILE sound.mif

set_global_assignment -name QSYS_FILE ../ip/mister_pll.qsys
set_global_assignment -name QSYS_FILE ../ip/inputtest_core_pll.qsys
set_global_assignment -name IP_FILE ../ip/ip/mister_pll/mister_pll_system_pll.ip
set_global_assignment -name IP_FILE ../ip/ip/inputtest_core_pll/inputtest_core_pll_iopll_0.ip
set_global_assignment -name QSYS_FILE ../../de25-nano/vendor/terasic-ghrd/mister_hps.qsys
set_global_assignment -name IP_FILE ../../de25-nano/vendor/terasic-ghrd/ip/mister_hps/mister_hps_mister_ddram_cdc.ip
set_global_assignment -name IP_FILE ../../de25-nano/vendor/terasic-ghrd/ip/mister_hps/mister_hps_mister_gp_in.ip
set_global_assignment -name IP_FILE ../../de25-nano/vendor/terasic-ghrd/ip/mister_hps/mister_hps_mister_gp_out.ip
set_global_assignment -name QSYS_FILE ../../de25-nano/vendor/terasic-ghrd/jtag_subsys/jtag_subsys.qsys
set_global_assignment -name QSYS_FILE ../../de25-nano/vendor/terasic-ghrd/hps_subsys/hps_subsys.qsys
set_global_assignment -name QSYS_FILE ../../de25-nano/vendor/terasic-ghrd/peripheral_subsys/peripheral_subsys.qsys
set_global_assignment -name IP_FILE ../../de25-nano/vendor/terasic-ghrd/ip/qsys_top/clk_100.ip
set_global_assignment -name IP_FILE ../../de25-nano/vendor/terasic-ghrd/ip/qsys_top/ext_hps_f2sdram_master.ip
set_global_assignment -name IP_FILE ../../de25-nano/vendor/terasic-ghrd/ip/qsys_top/qsys_top_ace5lite_cache_coherency_translator_0.ip
set_global_assignment -name IP_FILE ../../de25-nano/vendor/terasic-ghrd/ip/qsys_top/rst_in.ip
set_global_assignment -name IP_FILE ../../de25-nano/vendor/terasic-ghrd/ip/qsys_top/user_rst_clkgate_0.ip
set_global_assignment -name IP_FILE ../../de25-nano/vendor/terasic-ghrd/hps_subsys/ip/hps_subsys/agilex_hps.ip
set_global_assignment -name QIP_FILE ../../de25-nano/vendor/terasic-ghrd/hps_subsys/ip/hps_subsys/f2sdram_adapter/f2sdram_adapter.qip
set_global_assignment -name IP_FILE ../../de25-nano/vendor/terasic-ghrd/hps_subsys/ip/qsys_top/emif_io96b_hps.ip
set_global_assignment -name IP_FILE ../../de25-nano/vendor/terasic-ghrd/jtag_subsys/ip/jtag_subsys/fpga_m.ip
set_global_assignment -name IP_FILE ../../de25-nano/vendor/terasic-ghrd/jtag_subsys/ip/jtag_subsys/hps_f2sdram.ip
set_global_assignment -name IP_FILE ../../de25-nano/vendor/terasic-ghrd/jtag_subsys/ip/jtag_subsys/hps_m.ip
set_global_assignment -name IP_FILE ../../de25-nano/vendor/terasic-ghrd/jtag_subsys/ip/jtag_subsys/jtag_clk.ip
set_global_assignment -name IP_FILE ../../de25-nano/vendor/terasic-ghrd/jtag_subsys/ip/jtag_subsys/jtag_rst_in.ip
set_global_assignment -name IP_FILE ../../de25-nano/vendor/terasic-ghrd/peripheral_subsys/ip/peripheral_subsys/button_pio.ip
set_global_assignment -name IP_FILE ../../de25-nano/vendor/terasic-ghrd/peripheral_subsys/ip/peripheral_subsys/dipsw_pio.ip
set_global_assignment -name IP_FILE ../../de25-nano/vendor/terasic-ghrd/peripheral_subsys/ip/peripheral_subsys/led_pio.ip
set_global_assignment -name IP_FILE ../../de25-nano/vendor/terasic-ghrd/peripheral_subsys/ip/peripheral_subsys/pb_cpu_0.ip
set_global_assignment -name IP_FILE ../../de25-nano/vendor/terasic-ghrd/peripheral_subsys/ip/peripheral_subsys/periph_clk.ip
set_global_assignment -name IP_FILE ../../de25-nano/vendor/terasic-ghrd/peripheral_subsys/ip/peripheral_subsys/periph_rst_in.ip
set_global_assignment -name IP_FILE ../../de25-nano/vendor/terasic-ghrd/peripheral_subsys/ip/peripheral_subsys/sysid.ip

set_global_assignment -name SDC_FILE DE25_MISTER_MENU.sdc
source de25_mister_rev_b_pins.tcl
source de25_mister_hps_partition.tcl

set_global_assignment -name USE_CONF_DONE SDM_IO16
set_global_assignment -name USE_HPS_COLD_RESET SDM_IO11
set_global_assignment -name HPS_INITIALIZATION "HPS First"
set_global_assignment -name STRATIXV_CONFIGURATION_SCHEME "ACTIVE SERIAL X4"
set_global_assignment -name ACTIVE_SERIAL_CLOCK AS_FREQ_125MHZ
set_global_assignment -name DEVICE_INITIALIZATION_CLOCK OSC_CLK_1_125MHZ
set_global_assignment -name PWRMGT_VOLTAGE_OUTPUT_FORMAT "LINEAR FORMAT"
set_global_assignment -name PWRMGT_LINEAR_FORMAT_N "-12"
set_global_assignment -name POWER_APPLY_THERMAL_MARGIN ADDITIONAL
