set_global_assignment -name FAMILY "Agilex 5"
set_global_assignment -name DEVICE A5EB013BB23BE4SCS
set_global_assignment -name TOP_LEVEL_ENTITY de25_pc110_top
set_global_assignment -name ORIGINAL_QUARTUS_VERSION "25.3 Pro Edition"
set_global_assignment -name PROJECT_OUTPUT_DIRECTORY output_files_port
set_global_assignment -name NUM_PARALLEL_PROCESSORS ALL
set_global_assignment -name MIN_CORE_JUNCTION_TEMP 0
set_global_assignment -name MAX_CORE_JUNCTION_TEMP 100
set_global_assignment -name RESERVE_ALL_UNUSED_PINS "AS INPUT TRI-STATED"
set_global_assignment -name PROJECT_IP_REGENERATION_POLICY ALWAYS_REGENERATE_IP
set_global_assignment -name VERILOG_CU_MODE MFCU
set_global_assignment -name AUTO_DISCOVERY_AND_SORT OFF

set_global_assignment -name SEARCH_PATH ../../rtl/ao486
set_global_assignment -name QIP_FILE ../../rtl/ao486/ao486.qip
set_global_assignment -name QIP_FILE ../../rtl/cache/cache.qip
set_global_assignment -name QIP_FILE ../../rtl/soc/uart/uart.qip
set_global_assignment -name QIP_FILE ../../rtl/soc/sound/opl3/opl3.qip
set_global_assignment -name MIF_FILE ../../rtl/soc/sound/opl3/opl3prg.mif
set_global_assignment -name VERILOG_FILE ../../rtl/soc/sound/sound.v
set_global_assignment -name SYSTEMVERILOG_FILE ../../rtl/soc/sound/sound_dsp.v
set_global_assignment -name SYSTEMVERILOG_FILE ../../rtl/soc/sound/saa1099.sv
set_global_assignment -name VERILOG_FILE ../../rtl/common/simple_fifo.v
set_global_assignment -name VERILOG_FILE ../../rtl/common/simple_fifo_mlab.v
set_global_assignment -name VERILOG_FILE ../../rtl/common/simple_mult.v
set_global_assignment -name VERILOG_FILE ../../rtl/common/simple_ram.v
set_global_assignment -name VERILOG_FILE ../../rtl/common/simple_rom.v
set_global_assignment -name VERILOG_FILE ../../rtl/common/simple_single_rom.v
set_global_assignment -name VHDL_FILE ../rtl/de25_bram.vhd
set_global_assignment -name VERILOG_FILE ../../rtl/soc/iobus.v
set_global_assignment -name SYSTEMVERILOG_FILE ../../rtl/soc/floppy.v
set_global_assignment -name VERILOG_FILE ../../rtl/soc/ide.v
set_global_assignment -name VERILOG_FILE ../../rtl/soc/joystick.v
set_global_assignment -name SYSTEMVERILOG_FILE ../../rtl/soc/dma.v
set_global_assignment -name VERILOG_FILE ../../rtl/soc/pic.v
set_global_assignment -name VERILOG_FILE ../../rtl/soc/pit.v
set_global_assignment -name VERILOG_FILE ../../rtl/soc/pit_counter.v
set_global_assignment -name VERILOG_FILE ../../rtl/soc/ps2.v
set_global_assignment -name VERILOG_FILE ../../rtl/soc/rtc.v
set_global_assignment -name VERILOG_FILE ../../rtl/soc/vga.v
set_global_assignment -name SYSTEMVERILOG_FILE ../../rtl/pc110/pc110_chipset.sv
set_global_assignment -name SYSTEMVERILOG_FILE ../../rtl/pc110/pc110_ram_config.sv
set_global_assignment -name SYSTEMVERILOG_FILE ../../rtl/pc110/pc110_pcmcia_bridge.sv
set_global_assignment -name VERILOG_FILE ../../rtl/system.v
set_global_assignment -name SYSTEMVERILOG_FILE ../rtl/adv7513_init.sv
set_global_assignment -name SYSTEMVERILOG_FILE ../rtl/de25_pc110_top.sv
set_global_assignment -name QSYS_FILE ../ip/pc110_pll.qsys
set_global_assignment -name IP_FILE ../ip/ip/pc110_pll/pc110_pll_iopll_0.ip
set_global_assignment -name IP_FILE ../ip/ip/pc110_pll/pc110_pll_vga_iopll_0.ip
set_global_assignment -name IP_FILE ../ip/ip/pc110_pll/pc110_pll_hps_iopll_0.ip
set_global_assignment -name QSYS_FILE ../vendor/terasic-ghrd/pc110_hps.qsys
set_global_assignment -name IP_FILE ../vendor/terasic-ghrd/ip/pc110_hps/pc110_hps_pc110_mem_cdc.ip
set_global_assignment -name QSYS_FILE ../vendor/terasic-ghrd/jtag_subsys/jtag_subsys.qsys
set_global_assignment -name QSYS_FILE ../vendor/terasic-ghrd/hps_subsys/hps_subsys.qsys
set_global_assignment -name QSYS_FILE ../vendor/terasic-ghrd/peripheral_subsys/peripheral_subsys.qsys
set_global_assignment -name IP_FILE ../vendor/terasic-ghrd/ip/qsys_top/clk_100.ip
set_global_assignment -name IP_FILE ../vendor/terasic-ghrd/ip/qsys_top/ext_hps_f2sdram_master.ip
set_global_assignment -name IP_FILE ../vendor/terasic-ghrd/ip/qsys_top/ocm.ip
set_global_assignment -name IP_FILE ../vendor/terasic-ghrd/ip/qsys_top/qsys_top_ace5lite_cache_coherency_translator_0.ip
set_global_assignment -name IP_FILE ../vendor/terasic-ghrd/ip/qsys_top/rst_in.ip
set_global_assignment -name IP_FILE ../vendor/terasic-ghrd/ip/qsys_top/user_rst_clkgate_0.ip
set_global_assignment -name IP_FILE ../vendor/terasic-ghrd/hps_subsys/ip/hps_subsys/agilex_hps.ip
set_global_assignment -name QIP_FILE ../vendor/terasic-ghrd/hps_subsys/ip/hps_subsys/f2sdram_adapter/f2sdram_adapter.qip
set_global_assignment -name IP_FILE ../vendor/terasic-ghrd/hps_subsys/ip/qsys_top/emif_io96b_hps.ip
set_global_assignment -name IP_FILE ../vendor/terasic-ghrd/jtag_subsys/ip/jtag_subsys/fpga_m.ip
set_global_assignment -name IP_FILE ../vendor/terasic-ghrd/jtag_subsys/ip/jtag_subsys/hps_f2sdram.ip
set_global_assignment -name IP_FILE ../vendor/terasic-ghrd/jtag_subsys/ip/jtag_subsys/hps_m.ip
set_global_assignment -name IP_FILE ../vendor/terasic-ghrd/jtag_subsys/ip/jtag_subsys/jtag_clk.ip
set_global_assignment -name IP_FILE ../vendor/terasic-ghrd/jtag_subsys/ip/jtag_subsys/jtag_rst_in.ip
set_global_assignment -name IP_FILE ../vendor/terasic-ghrd/peripheral_subsys/ip/peripheral_subsys/button_pio.ip
set_global_assignment -name IP_FILE ../vendor/terasic-ghrd/peripheral_subsys/ip/peripheral_subsys/dipsw_pio.ip
set_global_assignment -name IP_FILE ../vendor/terasic-ghrd/peripheral_subsys/ip/peripheral_subsys/led_pio.ip
set_global_assignment -name IP_FILE ../vendor/terasic-ghrd/peripheral_subsys/ip/peripheral_subsys/pb_cpu_0.ip
set_global_assignment -name IP_FILE ../vendor/terasic-ghrd/peripheral_subsys/ip/peripheral_subsys/periph_clk.ip
set_global_assignment -name IP_FILE ../vendor/terasic-ghrd/peripheral_subsys/ip/peripheral_subsys/periph_rst_in.ip
set_global_assignment -name IP_FILE ../vendor/terasic-ghrd/peripheral_subsys/ip/peripheral_subsys/sysid.ip
set_global_assignment -name SDC_FILE DE25_PC110_PORT.sdc

source de25_rev_b_pins.tcl

set_global_assignment -name USE_CONF_DONE SDM_IO16
set_global_assignment -name USE_HPS_COLD_RESET SDM_IO11
set_global_assignment -name HPS_INITIALIZATION "HPS First"
set_global_assignment -name STRATIXV_CONFIGURATION_SCHEME "ACTIVE SERIAL X4"
set_global_assignment -name ACTIVE_SERIAL_CLOCK AS_FREQ_125MHZ
set_global_assignment -name DEVICE_INITIALIZATION_CLOCK OSC_CLK_1_125MHZ
set_global_assignment -name PWRMGT_VOLTAGE_OUTPUT_FORMAT "LINEAR FORMAT"
set_global_assignment -name PWRMGT_LINEAR_FORMAT_N "-12"
set_global_assignment -name POWER_APPLY_THERMAL_MARGIN ADDITIONAL
